
Microsoft Visual Studio Solution File, Format Version 12.00
# Visual Studio 15
VisualStudioVersion = 15.0.27004.2005
MinimumVisualStudioVersion = 10.0.40219.1
Project("{9A19103F-16F7-4668-BE54-9A1E7A4F7556}") = "QuizService", "QuizService\QuizService.csproj", "{6019F42B-A710-4B95-B67C-720C65DD65E6}"
EndProject
Project("{9A19103F-16F7-4668-BE54-9A1E7A4F7556}") = "QuizService.Tests", "QuizService.Tests\QuizService.Tests.csproj", "{A5603531-62AB-4578-8204-C67AF4BEF713}"
EndProject
Project("{9A19103F-16F7-4668-BE54-9A1E7A4F7556}") = "QuizClient", "QuizClient\QuizClient.csproj", "{9F6F16B1-B83D-45A9-9F75-675989A68EE6}"
EndProject
Project("{9A19103F-16F7-4668-BE54-9A1E7A4F7556}") = "QuizClient.Tests", "QuizClient.Tests\QuizClient.Tests.csproj", "{A1746465-9494-46CC-AB14-EB6AB15F446D}"
EndProject
Global
	GlobalSection(SolutionConfigurationPlatforms) = preSolution
		Debug|Any CPU = Debug|Any CPU
		Release|Any CPU = Release|Any CPU
	EndGlobalSection
	GlobalSection(ProjectConfigurationPlatforms) = postSolution
		{6019F42B-A710-4B95-B67C-720C65DD65E6}.Debug|Any CPU.ActiveCfg = Debug|Any CPU
		{6019F42B-A710-4B95-B67C-720C65DD65E6}.Debug|Any CPU.Build.0 = Debug|Any CPU
		{6019F42B-A710-4B95-B67C-720C65DD65E6}.Release|Any CPU.ActiveCfg = Release|Any CPU
		{6019F42B-A710-4B95-B67C-720C65DD65E6}.Release|Any CPU.Build.0 = Release|Any CPU
		{A5603531-62AB-4578-8204-C67AF4BEF713}.Debug|Any CPU.ActiveCfg = Debug|Any CPU
		{A5603531-62AB-4578-8204-C67AF4BEF713}.Debug|Any CPU.Build.0 = Debug|Any CPU
		{A5603531-62AB-4578-8204-C67AF4BEF713}.Release|Any CPU.ActiveCfg = Release|Any CPU
		{A5603531-62AB-4578-8204-C67AF4BEF713}.Release|Any CPU.Build.0 = Release|Any CPU
		{9F6F16B1-B83D-45A9-9F75-675989A68EE6}.Debug|Any CPU.ActiveCfg = Debug|Any CPU
		{9F6F16B1-B83D-45A9-9F75-675989A68EE6}.Debug|Any CPU.Build.0 = Debug|Any CPU
		{9F6F16B1-B83D-45A9-9F75-675989A68EE6}.Release|Any CPU.ActiveCfg = Release|Any CPU
		{9F6F16B1-B83D-45A9-9F75-675989A68EE6}.Release|Any CPU.Build.0 = Release|Any CPU
		{A1746465-9494-46CC-AB14-EB6AB15F446D}.Debug|Any CPU.ActiveCfg = Debug|Any CPU
		{A1746465-9494-46CC-AB14-EB6AB15F446D}.Debug|Any CPU.Build.0 = Debug|Any CPU
		{A1746465-9494-46CC-AB14-EB6AB15F446D}.Release|Any CPU.ActiveCfg = Release|Any CPU
		{A1746465-9494-46CC-AB14-EB6AB15F446D}.Release|Any CPU.Build.0 = Release|Any CPU
	EndGlobalSection
	GlobalSection(SolutionProperties) = preSolution
		HideSolutionNode = FALSE
	EndGlobalSection
	GlobalSection(ExtensibilityGlobals) = postSolution
		SolutionGuid = {6495E7A3-8CDA-4B14-B2E5-48FAC6CE36BB}
	EndGlobalSection
EndGlobal
